<?xml version="1.0" encoding="UTF-8" standalone="yes" ?>
<CodeBlocks_project_file>
	<FileVersion major="1" minor="6" />
	<Project>
		<Option title="SuperEpicSpelOfDoom" />
		<Option pch_mode="2" />
		<Option compiler="gcc" />
		<Build>
			<Target title="Debug">
				<Option output="bin\Debug\SuperEpicSpelOfDoom" prefix_auto="1" extension_auto="1" />
				<Option object_output="obj\Debug\" />
				<Option type="1" />
				<Option compiler="gcc" />
				<Compiler>
					<Add option="-g" />
				</Compiler>
			</Target>
			<Target title="Release">
				<Option output="bin\Release\SuperEpicSpelOfDoom" prefix_auto="1" extension_auto="1" />
				<Option object_output="obj\Release\" />
				<Option type="0" />
				<Option compiler="gcc" />
				<Compiler>
					<Add option="-O2" />
				</Compiler>
				<Linker>
					<Add option="-s" />
				</Linker>
			</Target>
		</Build>
		<Compiler>
			<Add option="-Wall" />
			<Add directory="C:\SDL\include" />
		</Compiler>
		<Linker>
			<Add library="mingw32" />
			<Add library="SDLmain" />
			<Add library="SDL.dll" />
			<Add library="user32" />
			<Add library="gdi32" />
			<Add library="winmm" />
			<Add library="dxguid" />
			<Add directory="C:\SDL\lib" />
		</Linker>
		<Unit filename="SuperEpicSpelOfDoom.depend" />
		<Unit filename="SuperEpicSpelOfDoom.layout" />
		<Unit filename="bin\Debug\SDL.dll" />
		<Unit filename="bin\Debug\stdout.txt" />
		<Unit filename="cb.bmp" />
		<Unit filename="lib\LÄGG I ROOT PÅ C.txt" />
		<Unit filename="lib\SDL\._BUGS" />
		<Unit filename="lib\SDL\._COPYING" />
		<Unit filename="lib\SDL\._INSTALL" />
		<Unit filename="lib\SDL\._Makefile" />
		<Unit filename="lib\SDL\._README" />
		<Unit filename="lib\SDL\._README-SDL.txt" />
		<Unit filename="lib\SDL\._WhatsNew" />
		<Unit filename="lib\SDL\._bin" />
		<Unit filename="lib\SDL\._build-scripts" />
		<Unit filename="lib\SDL\._docs" />
		<Unit filename="lib\SDL\._docs.html" />
		<Unit filename="lib\SDL\._include" />
		<Unit filename="lib\SDL\._lib" />
		<Unit filename="lib\SDL\._man" />
		<Unit filename="lib\SDL\._share" />
		<Unit filename="lib\SDL\._test" />
		<Unit filename="lib\SDL\BUGS" />
		<Unit filename="lib\SDL\COPYING" />
		<Unit filename="lib\SDL\INSTALL" />
		<Unit filename="lib\SDL\Makefile" />
		<Unit filename="lib\SDL\README" />
		<Unit filename="lib\SDL\README-SDL.txt" />
		<Unit filename="lib\SDL\WhatsNew" />
		<Unit filename="lib\SDL\bin\._sdl-config" />
		<Unit filename="lib\SDL\bin\SDL.dll" />
		<Unit filename="lib\SDL\bin\sdl-config" />
		<Unit filename="lib\SDL\build-scripts\._config.guess" />
		<Unit filename="lib\SDL\build-scripts\._config.sub" />
		<Unit filename="lib\SDL\build-scripts\._fatbuild.sh" />
		<Unit filename="lib\SDL\build-scripts\._install-sh" />
		<Unit filename="lib\SDL\build-scripts\._ltmain.sh" />
		<Unit filename="lib\SDL\build-scripts\._makedep.sh" />
		<Unit filename="lib\SDL\build-scripts\._mkinstalldirs" />
		<Unit filename="lib\SDL\build-scripts\._strip_fPIC.sh" />
		<Unit filename="lib\SDL\build-scripts\config.guess" />
		<Unit filename="lib\SDL\build-scripts\config.sub" />
		<Unit filename="lib\SDL\build-scripts\fatbuild.sh" />
		<Unit filename="lib\SDL\build-scripts\install-sh" />
		<Unit filename="lib\SDL\build-scripts\ltmain.sh" />
		<Unit filename="lib\SDL\build-scripts\makedep.sh" />
		<Unit filename="lib\SDL\build-scripts\mkinstalldirs" />
		<Unit filename="lib\SDL\build-scripts\strip_fPIC.sh" />
		<Unit filename="lib\SDL\docs.html" />
		<Unit filename="lib\SDL\docs\._html" />
		<Unit filename="lib\SDL\docs\._images" />
		<Unit filename="lib\SDL\docs\._index.html" />
		<Unit filename="lib\SDL\docs\html\._audio.html" />
		<Unit filename="lib\SDL\docs\html\._cdrom.html" />
		<Unit filename="lib\SDL\docs\html\._event.html" />
		<Unit filename="lib\SDL\docs\html\._eventfunctions.html" />
		<Unit filename="lib\SDL\docs\html\._eventstructures.html" />
		<Unit filename="lib\SDL\docs\html\._general.html" />
		<Unit filename="lib\SDL\docs\html\._guide.html" />
		<Unit filename="lib\SDL\docs\html\._guideaboutsdldoc.html" />
		<Unit filename="lib\SDL\docs\html\._guideaudioexamples.html" />
		<Unit filename="lib\SDL\docs\html\._guidebasicsinit.html" />
		<Unit filename="lib\SDL\docs\html\._guidecdromexamples.html" />
		<Unit filename="lib\SDL\docs\html\._guidecredits.html" />
		<Unit filename="lib\SDL\docs\html\._guideeventexamples.html" />
		<Unit filename="lib\SDL\docs\html\._guideexamples.html" />
		<Unit filename="lib\SDL\docs\html\._guideinput.html" />
		<Unit filename="lib\SDL\docs\html\._guideinputkeyboard.html" />
		<Unit filename="lib\SDL\docs\html\._guidepreface.html" />
		<Unit filename="lib\SDL\docs\html\._guidethebasics.html" />
		<Unit filename="lib\SDL\docs\html\._guidetimeexamples.html" />
		<Unit filename="lib\SDL\docs\html\._guidevideo.html" />
		<Unit filename="lib\SDL\docs\html\._guidevideoopengl.html" />
		<Unit filename="lib\SDL\docs\html\._index.html" />
		<Unit filename="lib\SDL\docs\html\._joystick.html" />
		<Unit filename="lib\SDL\docs\html\._reference.html" />
		<Unit filename="lib\SDL\docs\html\._sdlactiveevent.html" />
		<Unit filename="lib\SDL\docs\html\._sdladdtimer.html" />
		<Unit filename="lib\SDL\docs\html\._sdlaudiocvt.html" />
		<Unit filename="lib\SDL\docs\html\._sdlaudiospec.html" />
		<Unit filename="lib\SDL\docs\html\._sdlblitsurface.html" />
		<Unit filename="lib\SDL\docs\html\._sdlbuildaudiocvt.html" />
		<Unit filename="lib\SDL\docs\html\._sdlcd.html" />
		<Unit filename="lib\SDL\docs\html\._sdlcdclose.html" />
		<Unit filename="lib\SDL\docs\html\._sdlcdeject.html" />
		<Unit filename="lib\SDL\docs\html\._sdlcdname.html" />
		<Unit filename="lib\SDL\docs\html\._sdlcdnumdrives.html" />
		<Unit filename="lib\SDL\docs\html\._sdlcdopen.html" />
		<Unit filename="lib\SDL\docs\html\._sdlcdpause.html" />
		<Unit filename="lib\SDL\docs\html\._sdlcdplay.html" />
		<Unit filename="lib\SDL\docs\html\._sdlcdplaytracks.html" />
		<Unit filename="lib\SDL\docs\html\._sdlcdresume.html" />
		<Unit filename="lib\SDL\docs\html\._sdlcdstatus.html" />
		<Unit filename="lib\SDL\docs\html\._sdlcdstop.html" />
		<Unit filename="lib\SDL\docs\html\._sdlcdtrack.html" />
		<Unit filename="lib\SDL\docs\html\._sdlcloseaudio.html" />
		<Unit filename="lib\SDL\docs\html\._sdlcolor.html" />
		<Unit filename="lib\SDL\docs\html\._sdlcondbroadcast.html" />
		<Unit filename="lib\SDL\docs\html\._sdlcondsignal.html" />
		<Unit filename="lib\SDL\docs\html\._sdlcondwait.html" />
		<Unit filename="lib\SDL\docs\html\._sdlcondwaittimeout.html" />
		<Unit filename="lib\SDL\docs\html\._sdlconvertaudio.html" />
		<Unit filename="lib\SDL\docs\html\._sdlconvertsurface.html" />
		<Unit filename="lib\SDL\docs\html\._sdlcreatecond.html" />
		<Unit filename="lib\SDL\docs\html\._sdlcreatecursor.html" />
		<Unit filename="lib\SDL\docs\html\._sdlcreatemutex.html" />
		<Unit filename="lib\SDL\docs\html\._sdlcreatergbsurface.html" />
		<Unit filename="lib\SDL\docs\html\._sdlcreatergbsurfacefrom.html" />
		<Unit filename="lib\SDL\docs\html\._sdlcreatesemaphore.html" />
		<Unit filename="lib\SDL\docs\html\._sdlcreatethread.html" />
		<Unit filename="lib\SDL\docs\html\._sdlcreateyuvoverlay.html" />
		<Unit filename="lib\SDL\docs\html\._sdldelay.html" />
		<Unit filename="lib\SDL\docs\html\._sdldestroycond.html" />
		<Unit filename="lib\SDL\docs\html\._sdldestroymutex.html" />
		<Unit filename="lib\SDL\docs\html\._sdldestroysemaphore.html" />
		<Unit filename="lib\SDL\docs\html\._sdldisplayformat.html" />
		<Unit filename="lib\SDL\docs\html\._sdldisplayformatalpha.html" />
		<Unit filename="lib\SDL\docs\html\._sdldisplayyuvoverlay.html" />
		<Unit filename="lib\SDL\docs\html\._sdlenablekeyrepeat.html" />
		<Unit filename="lib\SDL\docs\html\._sdlenableunicode.html" />
		<Unit filename="lib\SDL\docs\html\._sdlenvvars.html" />
		<Unit filename="lib\SDL\docs\html\._sdlevent.html" />
		<Unit filename="lib\SDL\docs\html\._sdleventstate.html" />
		<Unit filename="lib\SDL\docs\html\._sdlexposeevent.html" />
		<Unit filename="lib\SDL\docs\html\._sdlfillrect.html" />
		<Unit filename="lib\SDL\docs\html\._sdlflip.html" />
		<Unit filename="lib\SDL\docs\html\._sdlfreecursor.html" />
		<Unit filename="lib\SDL\docs\html\._sdlfreesurface.html" />
		<Unit filename="lib\SDL\docs\html\._sdlfreewav.html" />
		<Unit filename="lib\SDL\docs\html\._sdlfreeyuvoverlay.html" />
		<Unit filename="lib\SDL\docs\html\._sdlgetappstate.html" />
		<Unit filename="lib\SDL\docs\html\._sdlgetaudiostatus.html" />
		<Unit filename="lib\SDL\docs\html\._sdlgetcliprect.html" />
		<Unit filename="lib\SDL\docs\html\._sdlgetcursor.html" />
		<Unit filename="lib\SDL\docs\html\._sdlgeterror.html" />
		<Unit filename="lib\SDL\docs\html\._sdlgeteventfilter.html" />
		<Unit filename="lib\SDL\docs\html\._sdlgetgammaramp.html" />
		<Unit filename="lib\SDL\docs\html\._sdlgetkeyname.html" />
		<Unit filename="lib\SDL\docs\html\._sdlgetkeystate.html" />
		<Unit filename="lib\SDL\docs\html\._sdlgetmodstate.html" />
		<Unit filename="lib\SDL\docs\html\._sdlgetmousestate.html" />
		<Unit filename="lib\SDL\docs\html\._sdlgetrelativemousestate.html" />
		<Unit filename="lib\SDL\docs\html\._sdlgetrgb.html" />
		<Unit filename="lib\SDL\docs\html\._sdlgetrgba.html" />
		<Unit filename="lib\SDL\docs\html\._sdlgetthreadid.html" />
		<Unit filename="lib\SDL\docs\html\._sdlgetticks.html" />
		<Unit filename="lib\SDL\docs\html\._sdlgetvideoinfo.html" />
		<Unit filename="lib\SDL\docs\html\._sdlgetvideosurface.html" />
		<Unit filename="lib\SDL\docs\html\._sdlglattr.html" />
		<Unit filename="lib\SDL\docs\html\._sdlglgetattribute.html" />
		<Unit filename="lib\SDL\docs\html\._sdlglgetprocaddress.html" />
		<Unit filename="lib\SDL\docs\html\._sdlglloadlibrary.html" />
		<Unit filename="lib\SDL\docs\html\._sdlglsetattribute.html" />
		<Unit filename="lib\SDL\docs\html\._sdlglswapbuffers.html" />
		<Unit filename="lib\SDL\docs\html\._sdlinit.html" />
		<Unit filename="lib\SDL\docs\html\._sdlinitsubsystem.html" />
		<Unit filename="lib\SDL\docs\html\._sdljoyaxisevent.html" />
		<Unit filename="lib\SDL\docs\html\._sdljoyballevent.html" />
		<Unit filename="lib\SDL\docs\html\._sdljoybuttonevent.html" />
		<Unit filename="lib\SDL\docs\html\._sdljoyhatevent.html" />
		<Unit filename="lib\SDL\docs\html\._sdljoystickclose.html" />
		<Unit filename="lib\SDL\docs\html\._sdljoystickeventstate.html" />
		<Unit filename="lib\SDL\docs\html\._sdljoystickgetaxis.html" />
		<Unit filename="lib\SDL\docs\html\._sdljoystickgetball.html" />
		<Unit filename="lib\SDL\docs\html\._sdljoystickgetbutton.html" />
		<Unit filename="lib\SDL\docs\html\._sdljoystickgethat.html" />
		<Unit filename="lib\SDL\docs\html\._sdljoystickindex.html" />
		<Unit filename="lib\SDL\docs\html\._sdljoystickname.html" />
		<Unit filename="lib\SDL\docs\html\._sdljoysticknumaxes.html" />
		<Unit filename="lib\SDL\docs\html\._sdljoysticknumballs.html" />
		<Unit filename="lib\SDL\docs\html\._sdljoysticknumbuttons.html" />
		<Unit filename="lib\SDL\docs\html\._sdljoysticknumhats.html" />
		<Unit filename="lib\SDL\docs\html\._sdljoystickopen.html" />
		<Unit filename="lib\SDL\docs\html\._sdljoystickopened.html" />
		<Unit filename="lib\SDL\docs\html\._sdljoystickupdate.html" />
		<Unit filename="lib\SDL\docs\html\._sdlkey.html" />
		<Unit filename="lib\SDL\docs\html\._sdlkeyboardevent.html" />
		<Unit filename="lib\SDL\docs\html\._sdlkeysym.html" />
		<Unit filename="lib\SDL\docs\html\._sdlkillthread.html" />
		<Unit filename="lib\SDL\docs\html\._sdllistmodes.html" />
		<Unit filename="lib\SDL\docs\html\._sdlloadbmp.html" />
		<Unit filename="lib\SDL\docs\html\._sdlloadwav.html" />
		<Unit filename="lib\SDL\docs\html\._sdllockaudio.html" />
		<Unit filename="lib\SDL\docs\html\._sdllocksurface.html" />
		<Unit filename="lib\SDL\docs\html\._sdllockyuvoverlay.html" />
		<Unit filename="lib\SDL\docs\html\._sdlmaprgb.html" />
		<Unit filename="lib\SDL\docs\html\._sdlmaprgba.html" />
		<Unit filename="lib\SDL\docs\html\._sdlmixaudio.html" />
		<Unit filename="lib\SDL\docs\html\._sdlmousebuttonevent.html" />
		<Unit filename="lib\SDL\docs\html\._sdlmousemotionevent.html" />
		<Unit filename="lib\SDL\docs\html\._sdlmutexp.html" />
		<Unit filename="lib\SDL\docs\html\._sdlmutexv.html" />
		<Unit filename="lib\SDL\docs\html\._sdlnumjoysticks.html" />
		<Unit filename="lib\SDL\docs\html\._sdlopenaudio.html" />
		<Unit filename="lib\SDL\docs\html\._sdloverlay.html" />
		<Unit filename="lib\SDL\docs\html\._sdlpalette.html" />
		<Unit filename="lib\SDL\docs\html\._sdlpauseaudio.html" />
		<Unit filename="lib\SDL\docs\html\._sdlpeepevents.html" />
		<Unit filename="lib\SDL\docs\html\._sdlpixelformat.html" />
		<Unit filename="lib\SDL\docs\html\._sdlpollevent.html" />
		<Unit filename="lib\SDL\docs\html\._sdlpumpevents.html" />
		<Unit filename="lib\SDL\docs\html\._sdlpushevent.html" />
		<Unit filename="lib\SDL\docs\html\._sdlquit.html" />
		<Unit filename="lib\SDL\docs\html\._sdlquitevent.html" />
		<Unit filename="lib\SDL\docs\html\._sdlquitsubsystem.html" />
		<Unit filename="lib\SDL\docs\html\._sdlrect.html" />
		<Unit filename="lib\SDL\docs\html\._sdlremovetimer.html" />
		<Unit filename="lib\SDL\docs\html\._sdlresizeevent.html" />
		<Unit filename="lib\SDL\docs\html\._sdlsavebmp.html" />
		<Unit filename="lib\SDL\docs\html\._sdlsempost.html" />
		<Unit filename="lib\SDL\docs\html\._sdlsemtrywait.html" />
		<Unit filename="lib\SDL\docs\html\._sdlsemvalue.html" />
		<Unit filename="lib\SDL\docs\html\._sdlsemwait.html" />
		<Unit filename="lib\SDL\docs\html\._sdlsemwaittimeout.html" />
		<Unit filename="lib\SDL\docs\html\._sdlsetalpha.html" />
		<Unit filename="lib\SDL\docs\html\._sdlsetcliprect.html" />
		<Unit filename="lib\SDL\docs\html\._sdlsetcolorkey.html" />
		<Unit filename="lib\SDL\docs\html\._sdlsetcolors.html" />
		<Unit filename="lib\SDL\docs\html\._sdlsetcursor.html" />
		<Unit filename="lib\SDL\docs\html\._sdlseteventfilter.html" />
		<Unit filename="lib\SDL\docs\html\._sdlsetgamma.html" />
		<Unit filename="lib\SDL\docs\html\._sdlsetgammaramp.html" />
		<Unit filename="lib\SDL\docs\html\._sdlsetmodstate.html" />
		<Unit filename="lib\SDL\docs\html\._sdlsetpalette.html" />
		<Unit filename="lib\SDL\docs\html\._sdlsettimer.html" />
		<Unit filename="lib\SDL\docs\html\._sdlsetvideomode.html" />
		<Unit filename="lib\SDL\docs\html\._sdlshowcursor.html" />
		<Unit filename="lib\SDL\docs\html\._sdlsurface.html" />
		<Unit filename="lib\SDL\docs\html\._sdlsyswmevent.html" />
		<Unit filename="lib\SDL\docs\html\._sdlthreadid.html" />
		<Unit filename="lib\SDL\docs\html\._sdlunlockaudio.html" />
		<Unit filename="lib\SDL\docs\html\._sdlunlocksurface.html" />
		<Unit filename="lib\SDL\docs\html\._sdlunlockyuvoverlay.html" />
		<Unit filename="lib\SDL\docs\html\._sdlupdaterect.html" />
		<Unit filename="lib\SDL\docs\html\._sdlupdaterects.html" />
		<Unit filename="lib\SDL\docs\html\._sdluserevent.html" />
		<Unit filename="lib\SDL\docs\html\._sdlvideodrivername.html" />
		<Unit filename="lib\SDL\docs\html\._sdlvideoinfo.html" />
		<Unit filename="lib\SDL\docs\html\._sdlvideomodeok.html" />
		<Unit filename="lib\SDL\docs\html\._sdlwaitevent.html" />
		<Unit filename="lib\SDL\docs\html\._sdlwaitthread.html" />
		<Unit filename="lib\SDL\docs\html\._sdlwarpmouse.html" />
		<Unit filename="lib\SDL\docs\html\._sdlwasinit.html" />
		<Unit filename="lib\SDL\docs\html\._sdlwmgetcaption.html" />
		<Unit filename="lib\SDL\docs\html\._sdlwmgrabinput.html" />
		<Unit filename="lib\SDL\docs\html\._sdlwmiconifywindow.html" />
		<Unit filename="lib\SDL\docs\html\._sdlwmsetcaption.html" />
		<Unit filename="lib\SDL\docs\html\._sdlwmseticon.html" />
		<Unit filename="lib\SDL\docs\html\._sdlwmtogglefullscreen.html" />
		<Unit filename="lib\SDL\docs\html\._thread.html" />
		<Unit filename="lib\SDL\docs\html\._time.html" />
		<Unit filename="lib\SDL\docs\html\._video.html" />
		<Unit filename="lib\SDL\docs\html\._wm.html" />
		<Unit filename="lib\SDL\docs\html\audio.html" />
		<Unit filename="lib\SDL\docs\html\cdrom.html" />
		<Unit filename="lib\SDL\docs\html\event.html" />
		<Unit filename="lib\SDL\docs\html\eventfunctions.html" />
		<Unit filename="lib\SDL\docs\html\eventstructures.html" />
		<Unit filename="lib\SDL\docs\html\general.html" />
		<Unit filename="lib\SDL\docs\html\guide.html" />
		<Unit filename="lib\SDL\docs\html\guideaboutsdldoc.html" />
		<Unit filename="lib\SDL\docs\html\guideaudioexamples.html" />
		<Unit filename="lib\SDL\docs\html\guidebasicsinit.html" />
		<Unit filename="lib\SDL\docs\html\guidecdromexamples.html" />
		<Unit filename="lib\SDL\docs\html\guidecredits.html" />
		<Unit filename="lib\SDL\docs\html\guideeventexamples.html" />
		<Unit filename="lib\SDL\docs\html\guideexamples.html" />
		<Unit filename="lib\SDL\docs\html\guideinput.html" />
		<Unit filename="lib\SDL\docs\html\guideinputkeyboard.html" />
		<Unit filename="lib\SDL\docs\html\guidepreface.html" />
		<Unit filename="lib\SDL\docs\html\guidethebasics.html" />
		<Unit filename="lib\SDL\docs\html\guidetimeexamples.html" />
		<Unit filename="lib\SDL\docs\html\guidevideo.html" />
		<Unit filename="lib\SDL\docs\html\guidevideoopengl.html" />
		<Unit filename="lib\SDL\docs\html\index.html" />
		<Unit filename="lib\SDL\docs\html\joystick.html" />
		<Unit filename="lib\SDL\docs\html\reference.html" />
		<Unit filename="lib\SDL\docs\html\sdlactiveevent.html" />
		<Unit filename="lib\SDL\docs\html\sdladdtimer.html" />
		<Unit filename="lib\SDL\docs\html\sdlaudiocvt.html" />
		<Unit filename="lib\SDL\docs\html\sdlaudiospec.html" />
		<Unit filename="lib\SDL\docs\html\sdlblitsurface.html" />
		<Unit filename="lib\SDL\docs\html\sdlbuildaudiocvt.html" />
		<Unit filename="lib\SDL\docs\html\sdlcd.html" />
		<Unit filename="lib\SDL\docs\html\sdlcdclose.html" />
		<Unit filename="lib\SDL\docs\html\sdlcdeject.html" />
		<Unit filename="lib\SDL\docs\html\sdlcdname.html" />
		<Unit filename="lib\SDL\docs\html\sdlcdnumdrives.html" />
		<Unit filename="lib\SDL\docs\html\sdlcdopen.html" />
		<Unit filename="lib\SDL\docs\html\sdlcdpause.html" />
		<Unit filename="lib\SDL\docs\html\sdlcdplay.html" />
		<Unit filename="lib\SDL\docs\html\sdlcdplaytracks.html" />
		<Unit filename="lib\SDL\docs\html\sdlcdresume.html" />
		<Unit filename="lib\SDL\docs\html\sdlcdstatus.html" />
		<Unit filename="lib\SDL\docs\html\sdlcdstop.html" />
		<Unit filename="lib\SDL\docs\html\sdlcdtrack.html" />
		<Unit filename="lib\SDL\docs\html\sdlcloseaudio.html" />
		<Unit filename="lib\SDL\docs\html\sdlcolor.html" />
		<Unit filename="lib\SDL\docs\html\sdlcondbroadcast.html" />
		<Unit filename="lib\SDL\docs\html\sdlcondsignal.html" />
		<Unit filename="lib\SDL\docs\html\sdlcondwait.html" />
		<Unit filename="lib\SDL\docs\html\sdlcondwaittimeout.html" />
		<Unit filename="lib\SDL\docs\html\sdlconvertaudio.html" />
		<Unit filename="lib\SDL\docs\html\sdlconvertsurface.html" />
		<Unit filename="lib\SDL\docs\html\sdlcreatecond.html" />
		<Unit filename="lib\SDL\docs\html\sdlcreatecursor.html" />
		<Unit filename="lib\SDL\docs\html\sdlcreatemutex.html" />
		<Unit filename="lib\SDL\docs\html\sdlcreatergbsurface.html" />
		<Unit filename="lib\SDL\docs\html\sdlcreatergbsurfacefrom.html" />
		<Unit filename="lib\SDL\docs\html\sdlcreatesemaphore.html" />
		<Unit filename="lib\SDL\docs\html\sdlcreatethread.html" />
		<Unit filename="lib\SDL\docs\html\sdlcreateyuvoverlay.html" />
		<Unit filename="lib\SDL\docs\html\sdldelay.html" />
		<Unit filename="lib\SDL\docs\html\sdldestroycond.html" />
		<Unit filename="lib\SDL\docs\html\sdldestroymutex.html" />
		<Unit filename="lib\SDL\docs\html\sdldestroysemaphore.html" />
		<Unit filename="lib\SDL\docs\html\sdldisplayformat.html" />
		<Unit filename="lib\SDL\docs\html\sdldisplayformatalpha.html" />
		<Unit filename="lib\SDL\docs\html\sdldisplayyuvoverlay.html" />
		<Unit filename="lib\SDL\docs\html\sdlenablekeyrepeat.html" />
		<Unit filename="lib\SDL\docs\html\sdlenableunicode.html" />
		<Unit filename="lib\SDL\docs\html\sdlenvvars.html" />
		<Unit filename="lib\SDL\docs\html\sdlevent.html" />
		<Unit filename="lib\SDL\docs\html\sdleventstate.html" />
		<Unit filename="lib\SDL\docs\html\sdlexposeevent.html" />
		<Unit filename="lib\SDL\docs\html\sdlfillrect.html" />
		<Unit filename="lib\SDL\docs\html\sdlflip.html" />
		<Unit filename="lib\SDL\docs\html\sdlfreecursor.html" />
		<Unit filename="lib\SDL\docs\html\sdlfreesurface.html" />
		<Unit filename="lib\SDL\docs\html\sdlfreewav.html" />
		<Unit filename="lib\SDL\docs\html\sdlfreeyuvoverlay.html" />
		<Unit filename="lib\SDL\docs\html\sdlgetappstate.html" />
		<Unit filename="lib\SDL\docs\html\sdlgetaudiostatus.html" />
		<Unit filename="lib\SDL\docs\html\sdlgetcliprect.html" />
		<Unit filename="lib\SDL\docs\html\sdlgetcursor.html" />
		<Unit filename="lib\SDL\docs\html\sdlgeterror.html" />
		<Unit filename="lib\SDL\docs\html\sdlgeteventfilter.html" />
		<Unit filename="lib\SDL\docs\html\sdlgetgammaramp.html" />
		<Unit filename="lib\SDL\docs\html\sdlgetkeyname.html" />
		<Unit filename="lib\SDL\docs\html\sdlgetkeystate.html" />
		<Unit filename="lib\SDL\docs\html\sdlgetmodstate.html" />
		<Unit filename="lib\SDL\docs\html\sdlgetmousestate.html" />
		<Unit filename="lib\SDL\docs\html\sdlgetrelativemousestate.html" />
		<Unit filename="lib\SDL\docs\html\sdlgetrgb.html" />
		<Unit filename="lib\SDL\docs\html\sdlgetrgba.html" />
		<Unit filename="lib\SDL\docs\html\sdlgetthreadid.html" />
		<Unit filename="lib\SDL\docs\html\sdlgetticks.html" />
		<Unit filename="lib\SDL\docs\html\sdlgetvideoinfo.html" />
		<Unit filename="lib\SDL\docs\html\sdlgetvideosurface.html" />
		<Unit filename="lib\SDL\docs\html\sdlglattr.html" />
		<Unit filename="lib\SDL\docs\html\sdlglgetattribute.html" />
		<Unit filename="lib\SDL\docs\html\sdlglgetprocaddress.html" />
		<Unit filename="lib\SDL\docs\html\sdlglloadlibrary.html" />
		<Unit filename="lib\SDL\docs\html\sdlglsetattribute.html" />
		<Unit filename="lib\SDL\docs\html\sdlglswapbuffers.html" />
		<Unit filename="lib\SDL\docs\html\sdlinit.html" />
		<Unit filename="lib\SDL\docs\html\sdlinitsubsystem.html" />
		<Unit filename="lib\SDL\docs\html\sdljoyaxisevent.html" />
		<Unit filename="lib\SDL\docs\html\sdljoyballevent.html" />
		<Unit filename="lib\SDL\docs\html\sdljoybuttonevent.html" />
		<Unit filename="lib\SDL\docs\html\sdljoyhatevent.html" />
		<Unit filename="lib\SDL\docs\html\sdljoystickclose.html" />
		<Unit filename="lib\SDL\docs\html\sdljoystickeventstate.html" />
		<Unit filename="lib\SDL\docs\html\sdljoystickgetaxis.html" />
		<Unit filename="lib\SDL\docs\html\sdljoystickgetball.html" />
		<Unit filename="lib\SDL\docs\html\sdljoystickgetbutton.html" />
		<Unit filename="lib\SDL\docs\html\sdljoystickgethat.html" />
		<Unit filename="lib\SDL\docs\html\sdljoystickindex.html" />
		<Unit filename="lib\SDL\docs\html\sdljoystickname.html" />
		<Unit filename="lib\SDL\docs\html\sdljoysticknumaxes.html" />
		<Unit filename="lib\SDL\docs\html\sdljoysticknumballs.html" />
		<Unit filename="lib\SDL\docs\html\sdljoysticknumbuttons.html" />
		<Unit filename="lib\SDL\docs\html\sdljoysticknumhats.html" />
		<Unit filename="lib\SDL\docs\html\sdljoystickopen.html" />
		<Unit filename="lib\SDL\docs\html\sdljoystickopened.html" />
		<Unit filename="lib\SDL\docs\html\sdljoystickupdate.html" />
		<Unit filename="lib\SDL\docs\html\sdlkey.html" />
		<Unit filename="lib\SDL\docs\html\sdlkeyboardevent.html" />
		<Unit filename="lib\SDL\docs\html\sdlkeysym.html" />
		<Unit filename="lib\SDL\docs\html\sdlkillthread.html" />
		<Unit filename="lib\SDL\docs\html\sdllistmodes.html" />
		<Unit filename="lib\SDL\docs\html\sdlloadbmp.html" />
		<Unit filename="lib\SDL\docs\html\sdlloadwav.html" />
		<Unit filename="lib\SDL\docs\html\sdllockaudio.html" />
		<Unit filename="lib\SDL\docs\html\sdllocksurface.html" />
		<Unit filename="lib\SDL\docs\html\sdllockyuvoverlay.html" />
		<Unit filename="lib\SDL\docs\html\sdlmaprgb.html" />
		<Unit filename="lib\SDL\docs\html\sdlmaprgba.html" />
		<Unit filename="lib\SDL\docs\html\sdlmixaudio.html" />
		<Unit filename="lib\SDL\docs\html\sdlmousebuttonevent.html" />
		<Unit filename="lib\SDL\docs\html\sdlmousemotionevent.html" />
		<Unit filename="lib\SDL\docs\html\sdlmutexp.html" />
		<Unit filename="lib\SDL\docs\html\sdlmutexv.html" />
		<Unit filename="lib\SDL\docs\html\sdlnumjoysticks.html" />
		<Unit filename="lib\SDL\docs\html\sdlopenaudio.html" />
		<Unit filename="lib\SDL\docs\html\sdloverlay.html" />
		<Unit filename="lib\SDL\docs\html\sdlpalette.html" />
		<Unit filename="lib\SDL\docs\html\sdlpauseaudio.html" />
		<Unit filename="lib\SDL\docs\html\sdlpeepevents.html" />
		<Unit filename="lib\SDL\docs\html\sdlpixelformat.html" />
		<Unit filename="lib\SDL\docs\html\sdlpollevent.html" />
		<Unit filename="lib\SDL\docs\html\sdlpumpevents.html" />
		<Unit filename="lib\SDL\docs\html\sdlpushevent.html" />
		<Unit filename="lib\SDL\docs\html\sdlquit.html" />
		<Unit filename="lib\SDL\docs\html\sdlquitevent.html" />
		<Unit filename="lib\SDL\docs\html\sdlquitsubsystem.html" />
		<Unit filename="lib\SDL\docs\html\sdlrect.html" />
		<Unit filename="lib\SDL\docs\html\sdlremovetimer.html" />
		<Unit filename="lib\SDL\docs\html\sdlresizeevent.html" />
		<Unit filename="lib\SDL\docs\html\sdlsavebmp.html" />
		<Unit filename="lib\SDL\docs\html\sdlsempost.html" />
		<Unit filename="lib\SDL\docs\html\sdlsemtrywait.html" />
		<Unit filename="lib\SDL\docs\html\sdlsemvalue.html" />
		<Unit filename="lib\SDL\docs\html\sdlsemwait.html" />
		<Unit filename="lib\SDL\docs\html\sdlsemwaittimeout.html" />
		<Unit filename="lib\SDL\docs\html\sdlsetalpha.html" />
		<Unit filename="lib\SDL\docs\html\sdlsetcliprect.html" />
		<Unit filename="lib\SDL\docs\html\sdlsetcolorkey.html" />
		<Unit filename="lib\SDL\docs\html\sdlsetcolors.html" />
		<Unit filename="lib\SDL\docs\html\sdlsetcursor.html" />
		<Unit filename="lib\SDL\docs\html\sdlseteventfilter.html" />
		<Unit filename="lib\SDL\docs\html\sdlsetgamma.html" />
		<Unit filename="lib\SDL\docs\html\sdlsetgammaramp.html" />
		<Unit filename="lib\SDL\docs\html\sdlsetmodstate.html" />
		<Unit filename="lib\SDL\docs\html\sdlsetpalette.html" />
		<Unit filename="lib\SDL\docs\html\sdlsettimer.html" />
		<Unit filename="lib\SDL\docs\html\sdlsetvideomode.html" />
		<Unit filename="lib\SDL\docs\html\sdlshowcursor.html" />
		<Unit filename="lib\SDL\docs\html\sdlsurface.html" />
		<Unit filename="lib\SDL\docs\html\sdlsyswmevent.html" />
		<Unit filename="lib\SDL\docs\html\sdlthreadid.html" />
		<Unit filename="lib\SDL\docs\html\sdlunlockaudio.html" />
		<Unit filename="lib\SDL\docs\html\sdlunlocksurface.html" />
		<Unit filename="lib\SDL\docs\html\sdlunlockyuvoverlay.html" />
		<Unit filename="lib\SDL\docs\html\sdlupdaterect.html" />
		<Unit filename="lib\SDL\docs\html\sdlupdaterects.html" />
		<Unit filename="lib\SDL\docs\html\sdluserevent.html" />
		<Unit filename="lib\SDL\docs\html\sdlvideodrivername.html" />
		<Unit filename="lib\SDL\docs\html\sdlvideoinfo.html" />
		<Unit filename="lib\SDL\docs\html\sdlvideomodeok.html" />
		<Unit filename="lib\SDL\docs\html\sdlwaitevent.html" />
		<Unit filename="lib\SDL\docs\html\sdlwaitthread.html" />
		<Unit filename="lib\SDL\docs\html\sdlwarpmouse.html" />
		<Unit filename="lib\SDL\docs\html\sdlwasinit.html" />
		<Unit filename="lib\SDL\docs\html\sdlwmgetcaption.html" />
		<Unit filename="lib\SDL\docs\html\sdlwmgrabinput.html" />
		<Unit filename="lib\SDL\docs\html\sdlwmiconifywindow.html" />
		<Unit filename="lib\SDL\docs\html\sdlwmsetcaption.html" />
		<Unit filename="lib\SDL\docs\html\sdlwmseticon.html" />
		<Unit filename="lib\SDL\docs\html\sdlwmtogglefullscreen.html" />
		<Unit filename="lib\SDL\docs\html\thread.html" />
		<Unit filename="lib\SDL\docs\html\time.html" />
		<Unit filename="lib\SDL\docs\html\video.html" />
		<Unit filename="lib\SDL\docs\html\wm.html" />
		<Unit filename="lib\SDL\docs\images\._rainbow.gif" />
		<Unit filename="lib\SDL\docs\images\rainbow.gif" />
		<Unit filename="lib\SDL\docs\index.html" />
		<Unit filename="lib\SDL\include\._SDL" />
		<Unit filename="lib\SDL\include\._SDL.h" />
		<Unit filename="lib\SDL\include\._SDL_active.h" />
		<Unit filename="lib\SDL\include\._SDL_audio.h" />
		<Unit filename="lib\SDL\include\._SDL_byteorder.h" />
		<Unit filename="lib\SDL\include\._SDL_cdrom.h" />
		<Unit filename="lib\SDL\include\._SDL_config.h" />
		<Unit filename="lib\SDL\include\._SDL_copying.h" />
		<Unit filename="lib\SDL\include\._SDL_cpuinfo.h" />
		<Unit filename="lib\SDL\include\._SDL_endian.h" />
		<Unit filename="lib\SDL\include\._SDL_error.h" />
		<Unit filename="lib\SDL\include\._SDL_events.h" />
		<Unit filename="lib\SDL\include\._SDL_getenv.h" />
		<Unit filename="lib\SDL\include\._SDL_joystick.h" />
		<Unit filename="lib\SDL\include\._SDL_keyboard.h" />
		<Unit filename="lib\SDL\include\._SDL_keysym.h" />
		<Unit filename="lib\SDL\include\._SDL_loadso.h" />
		<Unit filename="lib\SDL\include\._SDL_main.h" />
		<Unit filename="lib\SDL\include\._SDL_mouse.h" />
		<Unit filename="lib\SDL\include\._SDL_mutex.h" />
		<Unit filename="lib\SDL\include\._SDL_name.h" />
		<Unit filename="lib\SDL\include\._SDL_opengl.h" />
		<Unit filename="lib\SDL\include\._SDL_platform.h" />
		<Unit filename="lib\SDL\include\._SDL_quit.h" />
		<Unit filename="lib\SDL\include\._SDL_rwops.h" />
		<Unit filename="lib\SDL\include\._SDL_stdinc.h" />
		<Unit filename="lib\SDL\include\._SDL_syswm.h" />
		<Unit filename="lib\SDL\include\._SDL_thread.h" />
		<Unit filename="lib\SDL\include\._SDL_timer.h" />
		<Unit filename="lib\SDL\include\._SDL_types.h" />
		<Unit filename="lib\SDL\include\._SDL_version.h" />
		<Unit filename="lib\SDL\include\._SDL_video.h" />
		<Unit filename="lib\SDL\include\._begin_code.h" />
		<Unit filename="lib\SDL\include\._close_code.h" />
		<Unit filename="lib\SDL\include\SDL.h" />
		<Unit filename="lib\SDL\include\SDL_active.h" />
		<Unit filename="lib\SDL\include\SDL_audio.h" />
		<Unit filename="lib\SDL\include\SDL_byteorder.h" />
		<Unit filename="lib\SDL\include\SDL_cdrom.h" />
		<Unit filename="lib\SDL\include\SDL_config.h" />
		<Unit filename="lib\SDL\include\SDL_config_win32.h" />
		<Unit filename="lib\SDL\include\SDL_copying.h" />
		<Unit filename="lib\SDL\include\SDL_cpuinfo.h" />
		<Unit filename="lib\SDL\include\SDL_endian.h" />
		<Unit filename="lib\SDL\include\SDL_error.h" />
		<Unit filename="lib\SDL\include\SDL_events.h" />
		<Unit filename="lib\SDL\include\SDL_getenv.h" />
		<Unit filename="lib\SDL\include\SDL_joystick.h" />
		<Unit filename="lib\SDL\include\SDL_keyboard.h" />
		<Unit filename="lib\SDL\include\SDL_keysym.h" />
		<Unit filename="lib\SDL\include\SDL_loadso.h" />
		<Unit filename="lib\SDL\include\SDL_main.h" />
		<Unit filename="lib\SDL\include\SDL_mouse.h" />
		<Unit filename="lib\SDL\include\SDL_mutex.h" />
		<Unit filename="lib\SDL\include\SDL_name.h" />
		<Unit filename="lib\SDL\include\SDL_opengl.h" />
		<Unit filename="lib\SDL\include\SDL_platform.h" />
		<Unit filename="lib\SDL\include\SDL_quit.h" />
		<Unit filename="lib\SDL\include\SDL_rwops.h" />
		<Unit filename="lib\SDL\include\SDL_stdinc.h" />
		<Unit filename="lib\SDL\include\SDL_syswm.h" />
		<Unit filename="lib\SDL\include\SDL_thread.h" />
		<Unit filename="lib\SDL\include\SDL_timer.h" />
		<Unit filename="lib\SDL\include\SDL_types.h" />
		<Unit filename="lib\SDL\include\SDL_version.h" />
		<Unit filename="lib\SDL\include\SDL_video.h" />
		<Unit filename="lib\SDL\include\begin_code.h" />
		<Unit filename="lib\SDL\include\close_code.h" />
		<Unit filename="lib\SDL\lib\._libSDL.dll.a" />
		<Unit filename="lib\SDL\lib\._libSDL.la" />
		<Unit filename="lib\SDL\lib\._libSDLmain.a" />
		<Unit filename="lib\SDL\lib\libSDL.dll.a" />
		<Unit filename="lib\SDL\lib\libSDL.la" />
		<Unit filename="lib\SDL\lib\libSDLmain.a" />
		<Unit filename="lib\SDL\man\._man3" />
		<Unit filename="lib\SDL\man\man3\._SDLKey.3" />
		<Unit filename="lib\SDL\man\man3\._SDL_ActiveEvent.3" />
		<Unit filename="lib\SDL\man\man3\._SDL_AddTimer.3" />
		<Unit filename="lib\SDL\man\man3\._SDL_AudioCVT.3" />
		<Unit filename="lib\SDL\man\man3\._SDL_AudioSpec.3" />
		<Unit filename="lib\SDL\man\man3\._SDL_BlitSurface.3" />
		<Unit filename="lib\SDL\man\man3\._SDL_BuildAudioCVT.3" />
		<Unit filename="lib\SDL\man\man3\._SDL_CD.3" />
		<Unit filename="lib\SDL\man\man3\._SDL_CDClose.3" />
		<Unit filename="lib\SDL\man\man3\._SDL_CDEject.3" />
		<Unit filename="lib\SDL\man\man3\._SDL_CDName.3" />
		<Unit filename="lib\SDL\man\man3\._SDL_CDNumDrives.3" />
		<Unit filename="lib\SDL\man\man3\._SDL_CDOpen.3" />
		<Unit filename="lib\SDL\man\man3\._SDL_CDPause.3" />
		<Unit filename="lib\SDL\man\man3\._SDL_CDPlay.3" />
		<Unit filename="lib\SDL\man\man3\._SDL_CDPlayTracks.3" />
		<Unit filename="lib\SDL\man\man3\._SDL_CDResume.3" />
		<Unit filename="lib\SDL\man\man3\._SDL_CDStatus.3" />
		<Unit filename="lib\SDL\man\man3\._SDL_CDStop.3" />
		<Unit filename="lib\SDL\man\man3\._SDL_CDtrack.3" />
		<Unit filename="lib\SDL\man\man3\._SDL_CloseAudio.3" />
		<Unit filename="lib\SDL\man\man3\._SDL_Color.3" />
		<Unit filename="lib\SDL\man\man3\._SDL_CondBroadcast.3" />
		<Unit filename="lib\SDL\man\man3\._SDL_CondSignal.3" />
		<Unit filename="lib\SDL\man\man3\._SDL_CondWait.3" />
		<Unit filename="lib\SDL\man\man3\._SDL_CondWaitTimeout.3" />
		<Unit filename="lib\SDL\man\man3\._SDL_ConvertAudio.3" />
		<Unit filename="lib\SDL\man\man3\._SDL_ConvertSurface.3" />
		<Unit filename="lib\SDL\man\man3\._SDL_CreateCond.3" />
		<Unit filename="lib\SDL\man\man3\._SDL_CreateCursor.3" />
		<Unit filename="lib\SDL\man\man3\._SDL_CreateMutex.3" />
		<Unit filename="lib\SDL\man\man3\._SDL_CreateRGBSurface.3" />
		<Unit filename="lib\SDL\man\man3\._SDL_CreateRGBSurfaceFrom.3" />
		<Unit filename="lib\SDL\man\man3\._SDL_CreateSemaphore.3" />
		<Unit filename="lib\SDL\man\man3\._SDL_CreateThread.3" />
		<Unit filename="lib\SDL\man\man3\._SDL_CreateYUVOverlay.3" />
		<Unit filename="lib\SDL\man\man3\._SDL_Delay.3" />
		<Unit filename="lib\SDL\man\man3\._SDL_DestroyCond.3" />
		<Unit filename="lib\SDL\man\man3\._SDL_DestroyMutex.3" />
		<Unit filename="lib\SDL\man\man3\._SDL_DestroySemaphore.3" />
		<Unit filename="lib\SDL\man\man3\._SDL_DisplayFormat.3" />
		<Unit filename="lib\SDL\man\man3\._SDL_DisplayFormatAlpha.3" />
		<Unit filename="lib\SDL\man\man3\._SDL_DisplayYUVOverlay.3" />
		<Unit filename="lib\SDL\man\man3\._SDL_EnableKeyRepeat.3" />
		<Unit filename="lib\SDL\man\man3\._SDL_EnableUNICODE.3" />
		<Unit filename="lib\SDL\man\man3\._SDL_Event.3" />
		<Unit filename="lib\SDL\man\man3\._SDL_EventState.3" />
		<Unit filename="lib\SDL\man\man3\._SDL_ExposeEvent.3" />
		<Unit filename="lib\SDL\man\man3\._SDL_FillRect.3" />
		<Unit filename="lib\SDL\man\man3\._SDL_Flip.3" />
		<Unit filename="lib\SDL\man\man3\._SDL_FreeCursor.3" />
		<Unit filename="lib\SDL\man\man3\._SDL_FreeSurface.3" />
		<Unit filename="lib\SDL\man\man3\._SDL_FreeWAV.3" />
		<Unit filename="lib\SDL\man\man3\._SDL_FreeYUVOverlay.3" />
		<Unit filename="lib\SDL\man\man3\._SDL_GL_GetAttribute.3" />
		<Unit filename="lib\SDL\man\man3\._SDL_GL_GetProcAddress.3" />
		<Unit filename="lib\SDL\man\man3\._SDL_GL_LoadLibrary.3" />
		<Unit filename="lib\SDL\man\man3\._SDL_GL_SetAttribute.3" />
		<Unit filename="lib\SDL\man\man3\._SDL_GL_SwapBuffers.3" />
		<Unit filename="lib\SDL\man\man3\._SDL_GLattr.3" />
		<Unit filename="lib\SDL\man\man3\._SDL_GetAppState.3" />
		<Unit filename="lib\SDL\man\man3\._SDL_GetAudioStatus.3" />
		<Unit filename="lib\SDL\man\man3\._SDL_GetClipRect.3" />
		<Unit filename="lib\SDL\man\man3\._SDL_GetCursor.3" />
		<Unit filename="lib\SDL\man\man3\._SDL_GetError.3" />
		<Unit filename="lib\SDL\man\man3\._SDL_GetEventFilter.3" />
		<Unit filename="lib\SDL\man\man3\._SDL_GetGamma.3" />
		<Unit filename="lib\SDL\man\man3\._SDL_GetGammaRamp.3" />
		<Unit filename="lib\SDL\man\man3\._SDL_GetKeyName.3" />
		<Unit filename="lib\SDL\man\man3\._SDL_GetKeyState.3" />
		<Unit filename="lib\SDL\man\man3\._SDL_GetModState.3" />
		<Unit filename="lib\SDL\man\man3\._SDL_GetMouseState.3" />
		<Unit filename="lib\SDL\man\man3\._SDL_GetRGB.3" />
		<Unit filename="lib\SDL\man\man3\._SDL_GetRGBA.3" />
		<Unit filename="lib\SDL\man\man3\._SDL_GetRelativeMouseState.3" />
		<Unit filename="lib\SDL\man\man3\._SDL_GetThreadID.3" />
		<Unit filename="lib\SDL\man\man3\._SDL_GetTicks.3" />
		<Unit filename="lib\SDL\man\man3\._SDL_GetVideoInfo.3" />
		<Unit filename="lib\SDL\man\man3\._SDL_GetVideoSurface.3" />
		<Unit filename="lib\SDL\man\man3\._SDL_Init.3" />
		<Unit filename="lib\SDL\man\man3\._SDL_InitSubSystem.3" />
		<Unit filename="lib\SDL\man\man3\._SDL_JoyAxisEvent.3" />
		<Unit filename="lib\SDL\man\man3\._SDL_JoyBallEvent.3" />
		<Unit filename="lib\SDL\man\man3\._SDL_JoyButtonEvent.3" />
		<Unit filename="lib\SDL\man\man3\._SDL_JoyHatEvent.3" />
		<Unit filename="lib\SDL\man\man3\._SDL_JoystickClose.3" />
		<Unit filename="lib\SDL\man\man3\._SDL_JoystickEventState.3" />
		<Unit filename="lib\SDL\man\man3\._SDL_JoystickGetAxis.3" />
		<Unit filename="lib\SDL\man\man3\._SDL_JoystickGetBall.3" />
		<Unit filename="lib\SDL\man\man3\._SDL_JoystickGetButton.3" />
		<Unit filename="lib\SDL\man\man3\._SDL_JoystickGetHat.3" />
		<Unit filename="lib\SDL\man\man3\._SDL_JoystickIndex.3" />
		<Unit filename="lib\SDL\man\man3\._SDL_JoystickName.3" />
		<Unit filename="lib\SDL\man\man3\._SDL_JoystickNumAxes.3" />
		<Unit filename="lib\SDL\man\man3\._SDL_JoystickNumBalls.3" />
		<Unit filename="lib\SDL\man\man3\._SDL_JoystickNumButtons.3" />
		<Unit filename="lib\SDL\man\man3\._SDL_JoystickNumHats.3" />
		<Unit filename="lib\SDL\man\man3\._SDL_JoystickOpen.3" />
		<Unit filename="lib\SDL\man\man3\._SDL_JoystickOpened.3" />
		<Unit filename="lib\SDL\man\man3\._SDL_JoystickUpdate.3" />
		<Unit filename="lib\SDL\man\man3\._SDL_KeyboardEvent.3" />
		<Unit filename="lib\SDL\man\man3\._SDL_KillThread.3" />
		<Unit filename="lib\SDL\man\man3\._SDL_ListModes.3" />
		<Unit filename="lib\SDL\man\man3\._SDL_LoadBMP.3" />
		<Unit filename="lib\SDL\man\man3\._SDL_LoadWAV.3" />
		<Unit filename="lib\SDL\man\man3\._SDL_LockAudio.3" />
		<Unit filename="lib\SDL\man\man3\._SDL_LockSurface.3" />
		<Unit filename="lib\SDL\man\man3\._SDL_LockYUVOverlay.3" />
		<Unit filename="lib\SDL\man\man3\._SDL_MapRGB.3" />
		<Unit filename="lib\SDL\man\man3\._SDL_MapRGBA.3" />
		<Unit filename="lib\SDL\man\man3\._SDL_MixAudio.3" />
		<Unit filename="lib\SDL\man\man3\._SDL_MouseButtonEvent.3" />
		<Unit filename="lib\SDL\man\man3\._SDL_MouseMotionEvent.3" />
		<Unit filename="lib\SDL\man\man3\._SDL_NumJoysticks.3" />
		<Unit filename="lib\SDL\man\man3\._SDL_OpenAudio.3" />
		<Unit filename="lib\SDL\man\man3\._SDL_Overlay.3" />
		<Unit filename="lib\SDL\man\man3\._SDL_Palette.3" />
		<Unit filename="lib\SDL\man\man3\._SDL_PauseAudio.3" />
		<Unit filename="lib\SDL\man\man3\._SDL_PeepEvents.3" />
		<Unit filename="lib\SDL\man\man3\._SDL_PixelFormat.3" />
		<Unit filename="lib\SDL\man\man3\._SDL_PollEvent.3" />
		<Unit filename="lib\SDL\man\man3\._SDL_PumpEvents.3" />
		<Unit filename="lib\SDL\man\man3\._SDL_PushEvent.3" />
		<Unit filename="lib\SDL\man\man3\._SDL_Quit.3" />
		<Unit filename="lib\SDL\man\man3\._SDL_QuitEvent.3" />
		<Unit filename="lib\SDL\man\man3\._SDL_QuitSubSystem.3" />
		<Unit filename="lib\SDL\man\man3\._SDL_RWFromFile.3" />
		<Unit filename="lib\SDL\man\man3\._SDL_Rect.3" />
		<Unit filename="lib\SDL\man\man3\._SDL_RemoveTimer.3" />
		<Unit filename="lib\SDL\man\man3\._SDL_ResizeEvent.3" />
		<Unit filename="lib\SDL\man\man3\._SDL_SaveBMP.3" />
		<Unit filename="lib\SDL\man\man3\._SDL_SemPost.3" />
		<Unit filename="lib\SDL\man\man3\._SDL_SemTryWait.3" />
		<Unit filename="lib\SDL\man\man3\._SDL_SemValue.3" />
		<Unit filename="lib\SDL\man\man3\._SDL_SemWait.3" />
		<Unit filename="lib\SDL\man\man3\._SDL_SemWaitTimeout.3" />
		<Unit filename="lib\SDL\man\man3\._SDL_SetAlpha.3" />
		<Unit filename="lib\SDL\man\man3\._SDL_SetClipRect.3" />
		<Unit filename="lib\SDL\man\man3\._SDL_SetColorKey.3" />
		<Unit filename="lib\SDL\man\man3\._SDL_SetColors.3" />
		<Unit filename="lib\SDL\man\man3\._SDL_SetCursor.3" />
		<Unit filename="lib\SDL\man\man3\._SDL_SetEventFilter.3" />
		<Unit filename="lib\SDL\man\man3\._SDL_SetGamma.3" />
		<Unit filename="lib\SDL\man\man3\._SDL_SetGammaRamp.3" />
		<Unit filename="lib\SDL\man\man3\._SDL_SetModState.3" />
		<Unit filename="lib\SDL\man\man3\._SDL_SetPalette.3" />
		<Unit filename="lib\SDL\man\man3\._SDL_SetTimer.3" />
		<Unit filename="lib\SDL\man\man3\._SDL_SetVideoMode.3" />
		<Unit filename="lib\SDL\man\man3\._SDL_ShowCursor.3" />
		<Unit filename="lib\SDL\man\man3\._SDL_Surface.3" />
		<Unit filename="lib\SDL\man\man3\._SDL_SysWMEvent.3" />
		<Unit filename="lib\SDL\man\man3\._SDL_ThreadID.3" />
		<Unit filename="lib\SDL\man\man3\._SDL_UnlockAudio.3" />
		<Unit filename="lib\SDL\man\man3\._SDL_UnlockSurface.3" />
		<Unit filename="lib\SDL\man\man3\._SDL_UnlockYUVOverlay.3" />
		<Unit filename="lib\SDL\man\man3\._SDL_UpdateRect.3" />
		<Unit filename="lib\SDL\man\man3\._SDL_UpdateRects.3" />
		<Unit filename="lib\SDL\man\man3\._SDL_UserEvent.3" />
		<Unit filename="lib\SDL\man\man3\._SDL_VideoDriverName.3" />
		<Unit filename="lib\SDL\man\man3\._SDL_VideoInfo.3" />
		<Unit filename="lib\SDL\man\man3\._SDL_VideoModeOK.3" />
		<Unit filename="lib\SDL\man\man3\._SDL_WM_GetCaption.3" />
		<Unit filename="lib\SDL\man\man3\._SDL_WM_GrabInput.3" />
		<Unit filename="lib\SDL\man\man3\._SDL_WM_IconifyWindow.3" />
		<Unit filename="lib\SDL\man\man3\._SDL_WM_SetCaption.3" />
		<Unit filename="lib\SDL\man\man3\._SDL_WM_SetIcon.3" />
		<Unit filename="lib\SDL\man\man3\._SDL_WM_ToggleFullScreen.3" />
		<Unit filename="lib\SDL\man\man3\._SDL_WaitEvent.3" />
		<Unit filename="lib\SDL\man\man3\._SDL_WaitThread.3" />
		<Unit filename="lib\SDL\man\man3\._SDL_WarpMouse.3" />
		<Unit filename="lib\SDL\man\man3\._SDL_WasInit.3" />
		<Unit filename="lib\SDL\man\man3\._SDL_keysym.3" />
		<Unit filename="lib\SDL\man\man3\._SDL_mutexP.3" />
		<Unit filename="lib\SDL\man\man3\._SDL_mutexV.3" />
		<Unit filename="lib\SDL\man\man3\SDLKey.3" />
		<Unit filename="lib\SDL\man\man3\SDL_ActiveEvent.3" />
		<Unit filename="lib\SDL\man\man3\SDL_AddTimer.3" />
		<Unit filename="lib\SDL\man\man3\SDL_AudioCVT.3" />
		<Unit filename="lib\SDL\man\man3\SDL_AudioSpec.3" />
		<Unit filename="lib\SDL\man\man3\SDL_BlitSurface.3" />
		<Unit filename="lib\SDL\man\man3\SDL_BuildAudioCVT.3" />
		<Unit filename="lib\SDL\man\man3\SDL_CD.3" />
		<Unit filename="lib\SDL\man\man3\SDL_CDClose.3" />
		<Unit filename="lib\SDL\man\man3\SDL_CDEject.3" />
		<Unit filename="lib\SDL\man\man3\SDL_CDName.3" />
		<Unit filename="lib\SDL\man\man3\SDL_CDNumDrives.3" />
		<Unit filename="lib\SDL\man\man3\SDL_CDOpen.3" />
		<Unit filename="lib\SDL\man\man3\SDL_CDPause.3" />
		<Unit filename="lib\SDL\man\man3\SDL_CDPlay.3" />
		<Unit filename="lib\SDL\man\man3\SDL_CDPlayTracks.3" />
		<Unit filename="lib\SDL\man\man3\SDL_CDResume.3" />
		<Unit filename="lib\SDL\man\man3\SDL_CDStatus.3" />
		<Unit filename="lib\SDL\man\man3\SDL_CDStop.3" />
		<Unit filename="lib\SDL\man\man3\SDL_CDtrack.3" />
		<Unit filename="lib\SDL\man\man3\SDL_CloseAudio.3" />
		<Unit filename="lib\SDL\man\man3\SDL_Color.3" />
		<Unit filename="lib\SDL\man\man3\SDL_CondBroadcast.3" />
		<Unit filename="lib\SDL\man\man3\SDL_CondSignal.3" />
		<Unit filename="lib\SDL\man\man3\SDL_CondWait.3" />
		<Unit filename="lib\SDL\man\man3\SDL_CondWaitTimeout.3" />
		<Unit filename="lib\SDL\man\man3\SDL_ConvertAudio.3" />
		<Unit filename="lib\SDL\man\man3\SDL_ConvertSurface.3" />
		<Unit filename="lib\SDL\man\man3\SDL_CreateCond.3" />
		<Unit filename="lib\SDL\man\man3\SDL_CreateCursor.3" />
		<Unit filename="lib\SDL\man\man3\SDL_CreateMutex.3" />
		<Unit filename="lib\SDL\man\man3\SDL_CreateRGBSurface.3" />
		<Unit filename="lib\SDL\man\man3\SDL_CreateRGBSurfaceFrom.3" />
		<Unit filename="lib\SDL\man\man3\SDL_CreateSemaphore.3" />
		<Unit filename="lib\SDL\man\man3\SDL_CreateThread.3" />
		<Unit filename="lib\SDL\man\man3\SDL_CreateYUVOverlay.3" />
		<Unit filename="lib\SDL\man\man3\SDL_Delay.3" />
		<Unit filename="lib\SDL\man\man3\SDL_DestroyCond.3" />
		<Unit filename="lib\SDL\man\man3\SDL_DestroyMutex.3" />
		<Unit filename="lib\SDL\man\man3\SDL_DestroySemaphore.3" />
		<Unit filename="lib\SDL\man\man3\SDL_DisplayFormat.3" />
		<Unit filename="lib\SDL\man\man3\SDL_DisplayFormatAlpha.3" />
		<Unit filename="lib\SDL\man\man3\SDL_DisplayYUVOverlay.3" />
		<Unit filename="lib\SDL\man\man3\SDL_EnableKeyRepeat.3" />
		<Unit filename="lib\SDL\man\man3\SDL_EnableUNICODE.3" />
		<Unit filename="lib\SDL\man\man3\SDL_Event.3" />
		<Unit filename="lib\SDL\man\man3\SDL_EventState.3" />
		<Unit filename="lib\SDL\man\man3\SDL_ExposeEvent.3" />
		<Unit filename="lib\SDL\man\man3\SDL_FillRect.3" />
		<Unit filename="lib\SDL\man\man3\SDL_Flip.3" />
		<Unit filename="lib\SDL\man\man3\SDL_FreeCursor.3" />
		<Unit filename="lib\SDL\man\man3\SDL_FreeSurface.3" />
		<Unit filename="lib\SDL\man\man3\SDL_FreeWAV.3" />
		<Unit filename="lib\SDL\man\man3\SDL_FreeYUVOverlay.3" />
		<Unit filename="lib\SDL\man\man3\SDL_GL_GetAttribute.3" />
		<Unit filename="lib\SDL\man\man3\SDL_GL_GetProcAddress.3" />
		<Unit filename="lib\SDL\man\man3\SDL_GL_LoadLibrary.3" />
		<Unit filename="lib\SDL\man\man3\SDL_GL_SetAttribute.3" />
		<Unit filename="lib\SDL\man\man3\SDL_GL_SwapBuffers.3" />
		<Unit filename="lib\SDL\man\man3\SDL_GLattr.3" />
		<Unit filename="lib\SDL\man\man3\SDL_GetAppState.3" />
		<Unit filename="lib\SDL\man\man3\SDL_GetAudioStatus.3" />
		<Unit filename="lib\SDL\man\man3\SDL_GetClipRect.3" />
		<Unit filename="lib\SDL\man\man3\SDL_GetCursor.3" />
		<Unit filename="lib\SDL\man\man3\SDL_GetError.3" />
		<Unit filename="lib\SDL\man\man3\SDL_GetEventFilter.3" />
		<Unit filename="lib\SDL\man\man3\SDL_GetGamma.3" />
		<Unit filename="lib\SDL\man\man3\SDL_GetGammaRamp.3" />
		<Unit filename="lib\SDL\man\man3\SDL_GetKeyName.3" />
		<Unit filename="lib\SDL\man\man3\SDL_GetKeyState.3" />
		<Unit filename="lib\SDL\man\man3\SDL_GetModState.3" />
		<Unit filename="lib\SDL\man\man3\SDL_GetMouseState.3" />
		<Unit filename="lib\SDL\man\man3\SDL_GetRGB.3" />
		<Unit filename="lib\SDL\man\man3\SDL_GetRGBA.3" />
		<Unit filename="lib\SDL\man\man3\SDL_GetRelativeMouseState.3" />
		<Unit filename="lib\SDL\man\man3\SDL_GetThreadID.3" />
		<Unit filename="lib\SDL\man\man3\SDL_GetTicks.3" />
		<Unit filename="lib\SDL\man\man3\SDL_GetVideoInfo.3" />
		<Unit filename="lib\SDL\man\man3\SDL_GetVideoSurface.3" />
		<Unit filename="lib\SDL\man\man3\SDL_Init.3" />
		<Unit filename="lib\SDL\man\man3\SDL_InitSubSystem.3" />
		<Unit filename="lib\SDL\man\man3\SDL_JoyAxisEvent.3" />
		<Unit filename="lib\SDL\man\man3\SDL_JoyBallEvent.3" />
		<Unit filename="lib\SDL\man\man3\SDL_JoyButtonEvent.3" />
		<Unit filename="lib\SDL\man\man3\SDL_JoyHatEvent.3" />
		<Unit filename="lib\SDL\man\man3\SDL_JoystickClose.3" />
		<Unit filename="lib\SDL\man\man3\SDL_JoystickEventState.3" />
		<Unit filename="lib\SDL\man\man3\SDL_JoystickGetAxis.3" />
		<Unit filename="lib\SDL\man\man3\SDL_JoystickGetBall.3" />
		<Unit filename="lib\SDL\man\man3\SDL_JoystickGetButton.3" />
		<Unit filename="lib\SDL\man\man3\SDL_JoystickGetHat.3" />
		<Unit filename="lib\SDL\man\man3\SDL_JoystickIndex.3" />
		<Unit filename="lib\SDL\man\man3\SDL_JoystickName.3" />
		<Unit filename="lib\SDL\man\man3\SDL_JoystickNumAxes.3" />
		<Unit filename="lib\SDL\man\man3\SDL_JoystickNumBalls.3" />
		<Unit filename="lib\SDL\man\man3\SDL_JoystickNumButtons.3" />
		<Unit filename="lib\SDL\man\man3\SDL_JoystickNumHats.3" />
		<Unit filename="lib\SDL\man\man3\SDL_JoystickOpen.3" />
		<Unit filename="lib\SDL\man\man3\SDL_JoystickOpened.3" />
		<Unit filename="lib\SDL\man\man3\SDL_JoystickUpdate.3" />
		<Unit filename="lib\SDL\man\man3\SDL_KeyboardEvent.3" />
		<Unit filename="lib\SDL\man\man3\SDL_KillThread.3" />
		<Unit filename="lib\SDL\man\man3\SDL_ListModes.3" />
		<Unit filename="lib\SDL\man\man3\SDL_LoadBMP.3" />
		<Unit filename="lib\SDL\man\man3\SDL_LoadWAV.3" />
		<Unit filename="lib\SDL\man\man3\SDL_LockAudio.3" />
		<Unit filename="lib\SDL\man\man3\SDL_LockSurface.3" />
		<Unit filename="lib\SDL\man\man3\SDL_LockYUVOverlay.3" />
		<Unit filename="lib\SDL\man\man3\SDL_MapRGB.3" />
		<Unit filename="lib\SDL\man\man3\SDL_MapRGBA.3" />
		<Unit filename="lib\SDL\man\man3\SDL_MixAudio.3" />
		<Unit filename="lib\SDL\man\man3\SDL_MouseButtonEvent.3" />
		<Unit filename="lib\SDL\man\man3\SDL_MouseMotionEvent.3" />
		<Unit filename="lib\SDL\man\man3\SDL_NumJoysticks.3" />
		<Unit filename="lib\SDL\man\man3\SDL_OpenAudio.3" />
		<Unit filename="lib\SDL\man\man3\SDL_Overlay.3" />
		<Unit filename="lib\SDL\man\man3\SDL_Palette.3" />
		<Unit filename="lib\SDL\man\man3\SDL_PauseAudio.3" />
		<Unit filename="lib\SDL\man\man3\SDL_PeepEvents.3" />
		<Unit filename="lib\SDL\man\man3\SDL_PixelFormat.3" />
		<Unit filename="lib\SDL\man\man3\SDL_PollEvent.3" />
		<Unit filename="lib\SDL\man\man3\SDL_PumpEvents.3" />
		<Unit filename="lib\SDL\man\man3\SDL_PushEvent.3" />
		<Unit filename="lib\SDL\man\man3\SDL_Quit.3" />
		<Unit filename="lib\SDL\man\man3\SDL_QuitEvent.3" />
		<Unit filename="lib\SDL\man\man3\SDL_QuitSubSystem.3" />
		<Unit filename="lib\SDL\man\man3\SDL_RWFromFile.3" />
		<Unit filename="lib\SDL\man\man3\SDL_Rect.3" />
		<Unit filename="lib\SDL\man\man3\SDL_RemoveTimer.3" />
		<Unit filename="lib\SDL\man\man3\SDL_ResizeEvent.3" />
		<Unit filename="lib\SDL\man\man3\SDL_SaveBMP.3" />
		<Unit filename="lib\SDL\man\man3\SDL_SemPost.3" />
		<Unit filename="lib\SDL\man\man3\SDL_SemTryWait.3" />
		<Unit filename="lib\SDL\man\man3\SDL_SemValue.3" />
		<Unit filename="lib\SDL\man\man3\SDL_SemWait.3" />
		<Unit filename="lib\SDL\man\man3\SDL_SemWaitTimeout.3" />
		<Unit filename="lib\SDL\man\man3\SDL_SetAlpha.3" />
		<Unit filename="lib\SDL\man\man3\SDL_SetClipRect.3" />
		<Unit filename="lib\SDL\man\man3\SDL_SetColorKey.3" />
		<Unit filename="lib\SDL\man\man3\SDL_SetColors.3" />
		<Unit filename="lib\SDL\man\man3\SDL_SetCursor.3" />
		<Unit filename="lib\SDL\man\man3\SDL_SetEventFilter.3" />
		<Unit filename="lib\SDL\man\man3\SDL_SetGamma.3" />
		<Unit filename="lib\SDL\man\man3\SDL_SetGammaRamp.3" />
		<Unit filename="lib\SDL\man\man3\SDL_SetModState.3" />
		<Unit filename="lib\SDL\man\man3\SDL_SetPalette.3" />
		<Unit filename="lib\SDL\man\man3\SDL_SetTimer.3" />
		<Unit filename="lib\SDL\man\man3\SDL_SetVideoMode.3" />
		<Unit filename="lib\SDL\man\man3\SDL_ShowCursor.3" />
		<Unit filename="lib\SDL\man\man3\SDL_Surface.3" />
		<Unit filename="lib\SDL\man\man3\SDL_SysWMEvent.3" />
		<Unit filename="lib\SDL\man\man3\SDL_ThreadID.3" />
		<Unit filename="lib\SDL\man\man3\SDL_UnlockAudio.3" />
		<Unit filename="lib\SDL\man\man3\SDL_UnlockSurface.3" />
		<Unit filename="lib\SDL\man\man3\SDL_UnlockYUVOverlay.3" />
		<Unit filename="lib\SDL\man\man3\SDL_UpdateRect.3" />
		<Unit filename="lib\SDL\man\man3\SDL_UpdateRects.3" />
		<Unit filename="lib\SDL\man\man3\SDL_UserEvent.3" />
		<Unit filename="lib\SDL\man\man3\SDL_VideoDriverName.3" />
		<Unit filename="lib\SDL\man\man3\SDL_VideoInfo.3" />
		<Unit filename="lib\SDL\man\man3\SDL_VideoModeOK.3" />
		<Unit filename="lib\SDL\man\man3\SDL_WM_GetCaption.3" />
		<Unit filename="lib\SDL\man\man3\SDL_WM_GrabInput.3" />
		<Unit filename="lib\SDL\man\man3\SDL_WM_IconifyWindow.3" />
		<Unit filename="lib\SDL\man\man3\SDL_WM_SetCaption.3" />
		<Unit filename="lib\SDL\man\man3\SDL_WM_SetIcon.3" />
		<Unit filename="lib\SDL\man\man3\SDL_WM_ToggleFullScreen.3" />
		<Unit filename="lib\SDL\man\man3\SDL_WaitEvent.3" />
		<Unit filename="lib\SDL\man\man3\SDL_WaitThread.3" />
		<Unit filename="lib\SDL\man\man3\SDL_WarpMouse.3" />
		<Unit filename="lib\SDL\man\man3\SDL_WasInit.3" />
		<Unit filename="lib\SDL\man\man3\SDL_keysym.3" />
		<Unit filename="lib\SDL\man\man3\SDL_mutexP.3" />
		<Unit filename="lib\SDL\man\man3\SDL_mutexV.3" />
		<Unit filename="lib\SDL\share\._aclocal" />
		<Unit filename="lib\SDL\share\aclocal\._sdl.m4" />
		<Unit filename="lib\SDL\share\aclocal\sdl.m4" />
		<Unit filename="lib\SDL\test\._COPYING" />
		<Unit filename="lib\SDL\test\._Makefile.in" />
		<Unit filename="lib\SDL\test\._README" />
		<Unit filename="lib\SDL\test\._acinclude.m4" />
		<Unit filename="lib\SDL\test\._aclocal.m4" />
		<Unit filename="lib\SDL\test\._autogen.sh" />
		<Unit filename="lib\SDL\test\._checkkeys.c">
			<Option compilerVar="CC" />
		</Unit>
		<Unit filename="lib\SDL\test\._configure" />
		<Unit filename="lib\SDL\test\._configure.in" />
		<Unit filename="lib\SDL\test\._gcc-fat.sh" />
		<Unit filename="lib\SDL\test\._graywin.c">
			<Option compilerVar="CC" />
		</Unit>
		<Unit filename="lib\SDL\test\._icon.bmp" />
		<Unit filename="lib\SDL\test\._loopwave.c">
			<Option compilerVar="CC" />
		</Unit>
		<Unit filename="lib\SDL\test\._moose.dat" />
		<Unit filename="lib\SDL\test\._picture.xbm" />
		<Unit filename="lib\SDL\test\._sail.bmp" />
		<Unit filename="lib\SDL\test\._sample.bmp" />
		<Unit filename="lib\SDL\test\._sample.wav" />
		<Unit filename="lib\SDL\test\._testalpha.c">
			<Option compilerVar="CC" />
		</Unit>
		<Unit filename="lib\SDL\test\._testbitmap.c">
			<Option compilerVar="CC" />
		</Unit>
		<Unit filename="lib\SDL\test\._testblitspeed.c">
			<Option compilerVar="CC" />
		</Unit>
		<Unit filename="lib\SDL\test\._testcdrom.c">
			<Option compilerVar="CC" />
		</Unit>
		<Unit filename="lib\SDL\test\._testcursor.c">
			<Option compilerVar="CC" />
		</Unit>
		<Unit filename="lib\SDL\test\._testdyngl.c">
			<Option compilerVar="CC" />
		</Unit>
		<Unit filename="lib\SDL\test\._testerror.c">
			<Option compilerVar="CC" />
		</Unit>
		<Unit filename="lib\SDL\test\._testfile.c">
			<Option compilerVar="CC" />
		</Unit>
		<Unit filename="lib\SDL\test\._testgamma.c">
			<Option compilerVar="CC" />
		</Unit>
		<Unit filename="lib\SDL\test\._testgl.c">
			<Option compilerVar="CC" />
		</Unit>
		<Unit filename="lib\SDL\test\._testhread.c">
			<Option compilerVar="CC" />
		</Unit>
		<Unit filename="lib\SDL\test\._testiconv.c">
			<Option compilerVar="CC" />
		</Unit>
		<Unit filename="lib\SDL\test\._testjoystick.c">
			<Option compilerVar="CC" />
		</Unit>
		<Unit filename="lib\SDL\test\._testkeys.c">
			<Option compilerVar="CC" />
		</Unit>
		<Unit filename="lib\SDL\test\._testloadso.c">
			<Option compilerVar="CC" />
		</Unit>
		<Unit filename="lib\SDL\test\._testlock.c">
			<Option compilerVar="CC" />
		</Unit>
		<Unit filename="lib\SDL\test\._testoverlay.c">
			<Option compilerVar="CC" />
		</Unit>
		<Unit filename="lib\SDL\test\._testoverlay2.c">
			<Option compilerVar="CC" />
		</Unit>
		<Unit filename="lib\SDL\test\._testpalette.c">
			<Option compilerVar="CC" />
		</Unit>
		<Unit filename="lib\SDL\test\._testplatform.c">
			<Option compilerVar="CC" />
		</Unit>
		<Unit filename="lib\SDL\test\._testsem.c">
			<Option compilerVar="CC" />
		</Unit>
		<Unit filename="lib\SDL\test\._testsprite.c">
			<Option compilerVar="CC" />
		</Unit>
		<Unit filename="lib\SDL\test\._testtimer.c">
			<Option compilerVar="CC" />
		</Unit>
		<Unit filename="lib\SDL\test\._testver.c">
			<Option compilerVar="CC" />
		</Unit>
		<Unit filename="lib\SDL\test\._testvidinfo.c">
			<Option compilerVar="CC" />
		</Unit>
		<Unit filename="lib\SDL\test\._testwin.c">
			<Option compilerVar="CC" />
		</Unit>
		<Unit filename="lib\SDL\test\._testwm.c">
			<Option compilerVar="CC" />
		</Unit>
		<Unit filename="lib\SDL\test\._threadwin.c">
			<Option compilerVar="CC" />
		</Unit>
		<Unit filename="lib\SDL\test\._torturethread.c">
			<Option compilerVar="CC" />
		</Unit>
		<Unit filename="lib\SDL\test\._utf8.txt" />
		<Unit filename="lib\SDL\test\COPYING" />
		<Unit filename="lib\SDL\test\Makefile.in" />
		<Unit filename="lib\SDL\test\README" />
		<Unit filename="lib\SDL\test\acinclude.m4" />
		<Unit filename="lib\SDL\test\aclocal.m4" />
		<Unit filename="lib\SDL\test\autogen.sh" />
		<Unit filename="lib\SDL\test\checkkeys.c">
			<Option compilerVar="CC" />
		</Unit>
		<Unit filename="lib\SDL\test\configure" />
		<Unit filename="lib\SDL\test\configure.in" />
		<Unit filename="lib\SDL\test\gcc-fat.sh" />
		<Unit filename="lib\SDL\test\graywin.c">
			<Option compilerVar="CC" />
		</Unit>
		<Unit filename="lib\SDL\test\icon.bmp" />
		<Unit filename="lib\SDL\test\loopwave.c">
			<Option compilerVar="CC" />
		</Unit>
		<Unit filename="lib\SDL\test\moose.dat" />
		<Unit filename="lib\SDL\test\picture.xbm" />
		<Unit filename="lib\SDL\test\sail.bmp" />
		<Unit filename="lib\SDL\test\sample.bmp" />
		<Unit filename="lib\SDL\test\sample.wav" />
		<Unit filename="lib\SDL\test\testalpha.c">
			<Option compilerVar="CC" />
		</Unit>
		<Unit filename="lib\SDL\test\testbitmap.c">
			<Option compilerVar="CC" />
		</Unit>
		<Unit filename="lib\SDL\test\testblitspeed.c">
			<Option compilerVar="CC" />
		</Unit>
		<Unit filename="lib\SDL\test\testcdrom.c">
			<Option compilerVar="CC" />
		</Unit>
		<Unit filename="lib\SDL\test\testcursor.c">
			<Option compilerVar="CC" />
		</Unit>
		<Unit filename="lib\SDL\test\testdyngl.c">
			<Option compilerVar="CC" />
		</Unit>
		<Unit filename="lib\SDL\test\testerror.c">
			<Option compilerVar="CC" />
		</Unit>
		<Unit filename="lib\SDL\test\testfile.c">
			<Option compilerVar="CC" />
		</Unit>
		<Unit filename="lib\SDL\test\testgamma.c">
			<Option compilerVar="CC" />
		</Unit>
		<Unit filename="lib\SDL\test\testgl.c">
			<Option compilerVar="CC" />
		</Unit>
		<Unit filename="lib\SDL\test\testhread.c">
			<Option compilerVar="CC" />
		</Unit>
		<Unit filename="lib\SDL\test\testiconv.c">
			<Option compilerVar="CC" />
		</Unit>
		<Unit filename="lib\SDL\test\testjoystick.c">
			<Option compilerVar="CC" />
		</Unit>
		<Unit filename="lib\SDL\test\testkeys.c">
			<Option compilerVar="CC" />
		</Unit>
		<Unit filename="lib\SDL\test\testloadso.c">
			<Option compilerVar="CC" />
		</Unit>
		<Unit filename="lib\SDL\test\testlock.c">
			<Option compilerVar="CC" />
		</Unit>
		<Unit filename="lib\SDL\test\testoverlay.c">
			<Option compilerVar="CC" />
		</Unit>
		<Unit filename="lib\SDL\test\testoverlay2.c">
			<Option compilerVar="CC" />
		</Unit>
		<Unit filename="lib\SDL\test\testpalette.c">
			<Option compilerVar="CC" />
		</Unit>
		<Unit filename="lib\SDL\test\testplatform.c">
			<Option compilerVar="CC" />
		</Unit>
		<Unit filename="lib\SDL\test\testsem.c">
			<Option compilerVar="CC" />
		</Unit>
		<Unit filename="lib\SDL\test\testsprite.c">
			<Option compilerVar="CC" />
		</Unit>
		<Unit filename="lib\SDL\test\testtimer.c">
			<Option compilerVar="CC" />
		</Unit>
		<Unit filename="lib\SDL\test\testver.c">
			<Option compilerVar="CC" />
		</Unit>
		<Unit filename="lib\SDL\test\testvidinfo.c">
			<Option compilerVar="CC" />
		</Unit>
		<Unit filename="lib\SDL\test\testwin.c">
			<Option compilerVar="CC" />
		</Unit>
		<Unit filename="lib\SDL\test\testwm.c">
			<Option compilerVar="CC" />
		</Unit>
		<Unit filename="lib\SDL\test\threadwin.c">
			<Option compilerVar="CC" />
		</Unit>
		<Unit filename="lib\SDL\test\torturethread.c">
			<Option compilerVar="CC" />
		</Unit>
		<Unit filename="lib\SDL\test\utf8.txt" />
		<Unit filename="main.cpp" />
		<Unit filename="obj\Debug\main.o" />
		<Extensions>
			<code_completion />
			<debugger />
			<envvars />
		</Extensions>
	</Project>
</CodeBlocks_project_file>
